
Microsoft Visual Studio Solution File, Format Version 12.00
# Visual Studio Version 17
VisualStudioVersion = 17.5.002.0
MinimumVisualStudioVersion = 10.0.40219.1
Project("{9A19103F-16F7-4668-BE54-9A1E7A4F7556}") = "TestFunction", "TestFunction.csproj", "{83446134-BC1A-45E7-BF8D-42E7354D1B33}"
EndProject
Global
	GlobalSection(SolutionConfigurationPlatforms) = preSolution
		Debug|Any CPU = Debug|Any CPU
		Release|Any CPU = Release|Any CPU
	EndGlobalSection
	GlobalSection(ProjectConfigurationPlatforms) = postSolution
		{83446134-BC1A-45E7-BF8D-42E7354D1B33}.Debug|Any CPU.ActiveCfg = Debug|Any CPU
		{83446134-BC1A-45E7-BF8D-42E7354D1B33}.Debug|Any CPU.Build.0 = Debug|Any CPU
		{83446134-BC1A-45E7-BF8D-42E7354D1B33}.Release|Any CPU.ActiveCfg = Release|Any CPU
		{83446134-BC1A-45E7-BF8D-42E7354D1B33}.Release|Any CPU.Build.0 = Release|Any CPU
	EndGlobalSection
	GlobalSection(SolutionProperties) = preSolution
		HideSolutionNode = FALSE
	EndGlobalSection
	GlobalSection(ExtensibilityGlobals) = postSolution
		SolutionGuid = {ABA703C2-E44B-484B-B22D-5E5F9A6ED7E6}
	EndGlobalSection
EndGlobal
